
Microsoft Visual Studio Solution File, Format Version 12.00
# Visual Studio Version 17
VisualStudioVersion = 17.14.36603.0
MinimumVisualStudioVersion = 10.0.40219.1
Project("{FAE04EC0-301F-11D3-BF4B-00C04F79EFBC}") = "lesson1_枚举", "lesson1_枚举\lesson1_枚举.csproj", "{45A2CF72-C99E-4D4A-9347-2067111103D7}"
EndProject
Project("{FAE04EC0-301F-11D3-BF4B-00C04F79EFBC}") = "lesson1_练习题", "lesson1_练习题\lesson1_练习题.csproj", "{7DEBA65A-1607-4F8F-A78D-6853E5D524BB}"
EndProject
Project("{FAE04EC0-301F-11D3-BF4B-00C04F79EFBC}") = "lessson2_数组", "lessson2_数组\lessson2_数组.csproj", "{64A3ECAD-91DF-4A0C-B8BC-F72AE5BFCB18}"
EndProject
Project("{FAE04EC0-301F-11D3-BF4B-00C04F79EFBC}") = "lesson2_练习题", "lesson2_\lesson2_练习题.csproj", "{31A950BB-D194-4A92-8317-FFB9A6C8FE50}"
EndProject
Project("{FAE04EC0-301F-11D3-BF4B-00C04F79EFBC}") = "lesson3_二维数组", "lesson3_二维数组\lesson3_二维数组.csproj", "{712D8FF4-4D9E-4260-BF69-739A26BDED26}"
EndProject
Project("{FAE04EC0-301F-11D3-BF4B-00C04F79EFBC}") = "lesson3_练习题", "lesson3_练习题\lesson3_练习题.csproj", "{5F004952-4325-4A19-84E2-4DDAA8177194}"
EndProject
Project("{FAE04EC0-301F-11D3-BF4B-00C04F79EFBC}") = "lesson4_交错数组", "lesson4_交错数组\lesson4_交错数组.csproj", "{CA9497FE-029D-4DD6-AB15-2F0CD9EF10E8}"
EndProject
Project("{FAE04EC0-301F-11D3-BF4B-00C04F79EFBC}") = "lesson5_值类型和引用类型", "lesson5_值类型和引用类型\lesson5_值类型和引用类型.csproj", "{DB6A740D-69AD-45C3-BA22-5B889D3EEF1C}"
EndProject
Project("{FAE04EC0-301F-11D3-BF4B-00C04F79EFBC}") = "lesson6_特殊的引用类型string", "lesson5_特殊的引用类型string\lesson6_特殊的引用类型string.csproj", "{CCD93701-D7A0-492D-B3BB-B77830B274CC}"
EndProject
Project("{FAE04EC0-301F-11D3-BF4B-00C04F79EFBC}") = "lesson7_函数", "lesson7_函数\lesson7_函数.csproj", "{27C1F753-65EF-4D6C-A449-54E45882B72F}"
EndProject
Project("{FAE04EC0-301F-11D3-BF4B-00C04F79EFBC}") = "lesson7_练习题", "lesson7_练习题\lesson7_练习题.csproj", "{6D87B2A1-C4F3-4ED1-8B6C-E86EEF99DA9F}"
EndProject
Project("{FAE04EC0-301F-11D3-BF4B-00C04F79EFBC}") = "lesson8_ref和out", "lesson8_ref和out\lesson8_ref和out.csproj", "{2EC5DE4F-F4DE-4930-9C7D-8602625B8B19}"
EndProject
Project("{FAE04EC0-301F-11D3-BF4B-00C04F79EFBC}") = "lesson8_练习题", "lesson8_练习题\lesson8_练习题.csproj", "{0D9C77EA-EB93-4471-8EF5-AC6CA239D0AE}"
EndProject
Project("{FAE04EC0-301F-11D3-BF4B-00C04F79EFBC}") = "lesson9_变长参数和参数默认值", "lesson9_变长参数和参数默认值\lesson9_变长参数和参数默认值.csproj", "{CF7AC1CE-738E-43E4-B9AD-E6DC98F9BC93}"
EndProject
Project("{FAE04EC0-301F-11D3-BF4B-00C04F79EFBC}") = "lesson9_练习题", "lesson9_练习题\lesson9_练习题.csproj", "{27B09BC7-B55D-4EC0-BEEA-4AC7BD3B3535}"
EndProject
Project("{FAE04EC0-301F-11D3-BF4B-00C04F79EFBC}") = "lessson10_函数重载", "lessson10_函数重载\lessson10_函数重载.csproj", "{11894D44-F7D4-447E-941F-5B01CFF239DA}"
EndProject
Project("{FAE04EC0-301F-11D3-BF4B-00C04F79EFBC}") = "lesson10_练习题", "lesson10_练习题\lesson10_练习题.csproj", "{B2C421CB-D2D3-43A0-8084-431ABC41775C}"
EndProject
Project("{FAE04EC0-301F-11D3-BF4B-00C04F79EFBC}") = "lesson11_练习题", "lesson11_练习题\lesson11_练习题.csproj", "{52571D49-AF32-4B3A-9096-7BF713B9FDDE}"
EndProject
Project("{FAE04EC0-301F-11D3-BF4B-00C04F79EFBC}") = "lesson11_递归函数", "lesson11_递归函数\lesson11_递归函数.csproj", "{3FA10166-B7C7-4B09-AAC4-CE6CA19CFBA3}"
EndProject
Project("{FAE04EC0-301F-11D3-BF4B-00C04F79EFBC}") = "lesson12_结构体", "lesson12_结构体\lesson12_结构体.csproj", "{CEA66863-5E9B-4685-BEDC-D851F033199E}"
EndProject
Project("{FAE04EC0-301F-11D3-BF4B-00C04F79EFBC}") = "lesson12_练习题", "lesson12_练习题\lesson12_练习题.csproj", "{F2F82B93-FF5F-4738-9EAD-8ED7DFE481FC}"
EndProject
Project("{FAE04EC0-301F-11D3-BF4B-00C04F79EFBC}") = "lesson13_冒泡排序", "lesson13_冒泡排序\lesson13_冒泡排序.csproj", "{03DCED53-916F-4589-A62A-EBB29DD33B6E}"
EndProject
Project("{FAE04EC0-301F-11D3-BF4B-00C04F79EFBC}") = "lesson13_练习题", "lesson13_练习题\lesson13_练习题.csproj", "{F270CBF2-BD2A-424D-AE0B-291BE319D497}"
EndProject
Project("{FAE04EC0-301F-11D3-BF4B-00C04F79EFBC}") = "lesson14_选择排序", "lesson14_选择排序\lesson14_选择排序.csproj", "{ABFE903E-8E45-46B7-B217-E7EC67A8BED7}"
EndProject
Project("{FAE04EC0-301F-11D3-BF4B-00C04F79EFBC}") = "Test", "Test\Test.csproj", "{B46BEE33-F2A1-4586-BCEC-4793AF591659}"
EndProject
Global
	GlobalSection(SolutionConfigurationPlatforms) = preSolution
		Debug|Any CPU = Debug|Any CPU
		Release|Any CPU = Release|Any CPU
	EndGlobalSection
	GlobalSection(ProjectConfigurationPlatforms) = postSolution
		{45A2CF72-C99E-4D4A-9347-2067111103D7}.Debug|Any CPU.ActiveCfg = Debug|Any CPU
		{45A2CF72-C99E-4D4A-9347-2067111103D7}.Debug|Any CPU.Build.0 = Debug|Any CPU
		{45A2CF72-C99E-4D4A-9347-2067111103D7}.Release|Any CPU.ActiveCfg = Release|Any CPU
		{45A2CF72-C99E-4D4A-9347-2067111103D7}.Release|Any CPU.Build.0 = Release|Any CPU
		{7DEBA65A-1607-4F8F-A78D-6853E5D524BB}.Debug|Any CPU.ActiveCfg = Debug|Any CPU
		{7DEBA65A-1607-4F8F-A78D-6853E5D524BB}.Debug|Any CPU.Build.0 = Debug|Any CPU
		{7DEBA65A-1607-4F8F-A78D-6853E5D524BB}.Release|Any CPU.ActiveCfg = Release|Any CPU
		{7DEBA65A-1607-4F8F-A78D-6853E5D524BB}.Release|Any CPU.Build.0 = Release|Any CPU
		{64A3ECAD-91DF-4A0C-B8BC-F72AE5BFCB18}.Debug|Any CPU.ActiveCfg = Debug|Any CPU
		{64A3ECAD-91DF-4A0C-B8BC-F72AE5BFCB18}.Debug|Any CPU.Build.0 = Debug|Any CPU
		{64A3ECAD-91DF-4A0C-B8BC-F72AE5BFCB18}.Release|Any CPU.ActiveCfg = Release|Any CPU
		{64A3ECAD-91DF-4A0C-B8BC-F72AE5BFCB18}.Release|Any CPU.Build.0 = Release|Any CPU
		{31A950BB-D194-4A92-8317-FFB9A6C8FE50}.Debug|Any CPU.ActiveCfg = Debug|Any CPU
		{31A950BB-D194-4A92-8317-FFB9A6C8FE50}.Debug|Any CPU.Build.0 = Debug|Any CPU
		{31A950BB-D194-4A92-8317-FFB9A6C8FE50}.Release|Any CPU.ActiveCfg = Release|Any CPU
		{31A950BB-D194-4A92-8317-FFB9A6C8FE50}.Release|Any CPU.Build.0 = Release|Any CPU
		{712D8FF4-4D9E-4260-BF69-739A26BDED26}.Debug|Any CPU.ActiveCfg = Debug|Any CPU
		{712D8FF4-4D9E-4260-BF69-739A26BDED26}.Debug|Any CPU.Build.0 = Debug|Any CPU
		{712D8FF4-4D9E-4260-BF69-739A26BDED26}.Release|Any CPU.ActiveCfg = Release|Any CPU
		{712D8FF4-4D9E-4260-BF69-739A26BDED26}.Release|Any CPU.Build.0 = Release|Any CPU
		{5F004952-4325-4A19-84E2-4DDAA8177194}.Debug|Any CPU.ActiveCfg = Debug|Any CPU
		{5F004952-4325-4A19-84E2-4DDAA8177194}.Debug|Any CPU.Build.0 = Debug|Any CPU
		{5F004952-4325-4A19-84E2-4DDAA8177194}.Release|Any CPU.ActiveCfg = Release|Any CPU
		{5F004952-4325-4A19-84E2-4DDAA8177194}.Release|Any CPU.Build.0 = Release|Any CPU
		{CA9497FE-029D-4DD6-AB15-2F0CD9EF10E8}.Debug|Any CPU.ActiveCfg = Debug|Any CPU
		{CA9497FE-029D-4DD6-AB15-2F0CD9EF10E8}.Debug|Any CPU.Build.0 = Debug|Any CPU
		{CA9497FE-029D-4DD6-AB15-2F0CD9EF10E8}.Release|Any CPU.ActiveCfg = Release|Any CPU
		{CA9497FE-029D-4DD6-AB15-2F0CD9EF10E8}.Release|Any CPU.Build.0 = Release|Any CPU
		{DB6A740D-69AD-45C3-BA22-5B889D3EEF1C}.Debug|Any CPU.ActiveCfg = Debug|Any CPU
		{DB6A740D-69AD-45C3-BA22-5B889D3EEF1C}.Debug|Any CPU.Build.0 = Debug|Any CPU
		{DB6A740D-69AD-45C3-BA22-5B889D3EEF1C}.Release|Any CPU.ActiveCfg = Release|Any CPU
		{DB6A740D-69AD-45C3-BA22-5B889D3EEF1C}.Release|Any CPU.Build.0 = Release|Any CPU
		{CCD93701-D7A0-492D-B3BB-B77830B274CC}.Debug|Any CPU.ActiveCfg = Debug|Any CPU
		{CCD93701-D7A0-492D-B3BB-B77830B274CC}.Debug|Any CPU.Build.0 = Debug|Any CPU
		{CCD93701-D7A0-492D-B3BB-B77830B274CC}.Release|Any CPU.ActiveCfg = Release|Any CPU
		{CCD93701-D7A0-492D-B3BB-B77830B274CC}.Release|Any CPU.Build.0 = Release|Any CPU
		{27C1F753-65EF-4D6C-A449-54E45882B72F}.Debug|Any CPU.ActiveCfg = Debug|Any CPU
		{27C1F753-65EF-4D6C-A449-54E45882B72F}.Debug|Any CPU.Build.0 = Debug|Any CPU
		{27C1F753-65EF-4D6C-A449-54E45882B72F}.Release|Any CPU.ActiveCfg = Release|Any CPU
		{27C1F753-65EF-4D6C-A449-54E45882B72F}.Release|Any CPU.Build.0 = Release|Any CPU
		{6D87B2A1-C4F3-4ED1-8B6C-E86EEF99DA9F}.Debug|Any CPU.ActiveCfg = Debug|Any CPU
		{6D87B2A1-C4F3-4ED1-8B6C-E86EEF99DA9F}.Debug|Any CPU.Build.0 = Debug|Any CPU
		{6D87B2A1-C4F3-4ED1-8B6C-E86EEF99DA9F}.Release|Any CPU.ActiveCfg = Release|Any CPU
		{6D87B2A1-C4F3-4ED1-8B6C-E86EEF99DA9F}.Release|Any CPU.Build.0 = Release|Any CPU
		{2EC5DE4F-F4DE-4930-9C7D-8602625B8B19}.Debug|Any CPU.ActiveCfg = Debug|Any CPU
		{2EC5DE4F-F4DE-4930-9C7D-8602625B8B19}.Debug|Any CPU.Build.0 = Debug|Any CPU
		{2EC5DE4F-F4DE-4930-9C7D-8602625B8B19}.Release|Any CPU.ActiveCfg = Release|Any CPU
		{2EC5DE4F-F4DE-4930-9C7D-8602625B8B19}.Release|Any CPU.Build.0 = Release|Any CPU
		{0D9C77EA-EB93-4471-8EF5-AC6CA239D0AE}.Debug|Any CPU.ActiveCfg = Debug|Any CPU
		{0D9C77EA-EB93-4471-8EF5-AC6CA239D0AE}.Debug|Any CPU.Build.0 = Debug|Any CPU
		{0D9C77EA-EB93-4471-8EF5-AC6CA239D0AE}.Release|Any CPU.ActiveCfg = Release|Any CPU
		{0D9C77EA-EB93-4471-8EF5-AC6CA239D0AE}.Release|Any CPU.Build.0 = Release|Any CPU
		{CF7AC1CE-738E-43E4-B9AD-E6DC98F9BC93}.Debug|Any CPU.ActiveCfg = Debug|Any CPU
		{CF7AC1CE-738E-43E4-B9AD-E6DC98F9BC93}.Debug|Any CPU.Build.0 = Debug|Any CPU
		{CF7AC1CE-738E-43E4-B9AD-E6DC98F9BC93}.Release|Any CPU.ActiveCfg = Release|Any CPU
		{CF7AC1CE-738E-43E4-B9AD-E6DC98F9BC93}.Release|Any CPU.Build.0 = Release|Any CPU
		{27B09BC7-B55D-4EC0-BEEA-4AC7BD3B3535}.Debug|Any CPU.ActiveCfg = Debug|Any CPU
		{27B09BC7-B55D-4EC0-BEEA-4AC7BD3B3535}.Debug|Any CPU.Build.0 = Debug|Any CPU
		{27B09BC7-B55D-4EC0-BEEA-4AC7BD3B3535}.Release|Any CPU.ActiveCfg = Release|Any CPU
		{27B09BC7-B55D-4EC0-BEEA-4AC7BD3B3535}.Release|Any CPU.Build.0 = Release|Any CPU
		{11894D44-F7D4-447E-941F-5B01CFF239DA}.Debug|Any CPU.ActiveCfg = Debug|Any CPU
		{11894D44-F7D4-447E-941F-5B01CFF239DA}.Debug|Any CPU.Build.0 = Debug|Any CPU
		{11894D44-F7D4-447E-941F-5B01CFF239DA}.Release|Any CPU.ActiveCfg = Release|Any CPU
		{11894D44-F7D4-447E-941F-5B01CFF239DA}.Release|Any CPU.Build.0 = Release|Any CPU
		{B2C421CB-D2D3-43A0-8084-431ABC41775C}.Debug|Any CPU.ActiveCfg = Debug|Any CPU
		{B2C421CB-D2D3-43A0-8084-431ABC41775C}.Debug|Any CPU.Build.0 = Debug|Any CPU
		{B2C421CB-D2D3-43A0-8084-431ABC41775C}.Release|Any CPU.ActiveCfg = Release|Any CPU
		{B2C421CB-D2D3-43A0-8084-431ABC41775C}.Release|Any CPU.Build.0 = Release|Any CPU
		{52571D49-AF32-4B3A-9096-7BF713B9FDDE}.Debug|Any CPU.ActiveCfg = Debug|Any CPU
		{52571D49-AF32-4B3A-9096-7BF713B9FDDE}.Debug|Any CPU.Build.0 = Debug|Any CPU
		{52571D49-AF32-4B3A-9096-7BF713B9FDDE}.Release|Any CPU.ActiveCfg = Release|Any CPU
		{52571D49-AF32-4B3A-9096-7BF713B9FDDE}.Release|Any CPU.Build.0 = Release|Any CPU
		{3FA10166-B7C7-4B09-AAC4-CE6CA19CFBA3}.Debug|Any CPU.ActiveCfg = Debug|Any CPU
		{3FA10166-B7C7-4B09-AAC4-CE6CA19CFBA3}.Debug|Any CPU.Build.0 = Debug|Any CPU
		{3FA10166-B7C7-4B09-AAC4-CE6CA19CFBA3}.Release|Any CPU.ActiveCfg = Release|Any CPU
		{3FA10166-B7C7-4B09-AAC4-CE6CA19CFBA3}.Release|Any CPU.Build.0 = Release|Any CPU
		{CEA66863-5E9B-4685-BEDC-D851F033199E}.Debug|Any CPU.ActiveCfg = Debug|Any CPU
		{CEA66863-5E9B-4685-BEDC-D851F033199E}.Debug|Any CPU.Build.0 = Debug|Any CPU
		{CEA66863-5E9B-4685-BEDC-D851F033199E}.Release|Any CPU.ActiveCfg = Release|Any CPU
		{CEA66863-5E9B-4685-BEDC-D851F033199E}.Release|Any CPU.Build.0 = Release|Any CPU
		{F2F82B93-FF5F-4738-9EAD-8ED7DFE481FC}.Debug|Any CPU.ActiveCfg = Debug|Any CPU
		{F2F82B93-FF5F-4738-9EAD-8ED7DFE481FC}.Debug|Any CPU.Build.0 = Debug|Any CPU
		{F2F82B93-FF5F-4738-9EAD-8ED7DFE481FC}.Release|Any CPU.ActiveCfg = Release|Any CPU
		{F2F82B93-FF5F-4738-9EAD-8ED7DFE481FC}.Release|Any CPU.Build.0 = Release|Any CPU
		{03DCED53-916F-4589-A62A-EBB29DD33B6E}.Debug|Any CPU.ActiveCfg = Debug|Any CPU
		{03DCED53-916F-4589-A62A-EBB29DD33B6E}.Debug|Any CPU.Build.0 = Debug|Any CPU
		{03DCED53-916F-4589-A62A-EBB29DD33B6E}.Release|Any CPU.ActiveCfg = Release|Any CPU
		{03DCED53-916F-4589-A62A-EBB29DD33B6E}.Release|Any CPU.Build.0 = Release|Any CPU
		{F270CBF2-BD2A-424D-AE0B-291BE319D497}.Debug|Any CPU.ActiveCfg = Debug|Any CPU
		{F270CBF2-BD2A-424D-AE0B-291BE319D497}.Debug|Any CPU.Build.0 = Debug|Any CPU
		{F270CBF2-BD2A-424D-AE0B-291BE319D497}.Release|Any CPU.ActiveCfg = Release|Any CPU
		{F270CBF2-BD2A-424D-AE0B-291BE319D497}.Release|Any CPU.Build.0 = Release|Any CPU
		{ABFE903E-8E45-46B7-B217-E7EC67A8BED7}.Debug|Any CPU.ActiveCfg = Debug|Any CPU
		{ABFE903E-8E45-46B7-B217-E7EC67A8BED7}.Debug|Any CPU.Build.0 = Debug|Any CPU
		{ABFE903E-8E45-46B7-B217-E7EC67A8BED7}.Release|Any CPU.ActiveCfg = Release|Any CPU
		{ABFE903E-8E45-46B7-B217-E7EC67A8BED7}.Release|Any CPU.Build.0 = Release|Any CPU
		{B46BEE33-F2A1-4586-BCEC-4793AF591659}.Debug|Any CPU.ActiveCfg = Debug|Any CPU
		{B46BEE33-F2A1-4586-BCEC-4793AF591659}.Debug|Any CPU.Build.0 = Debug|Any CPU
		{B46BEE33-F2A1-4586-BCEC-4793AF591659}.Release|Any CPU.ActiveCfg = Release|Any CPU
		{B46BEE33-F2A1-4586-BCEC-4793AF591659}.Release|Any CPU.Build.0 = Release|Any CPU
	EndGlobalSection
	GlobalSection(SolutionProperties) = preSolution
		HideSolutionNode = FALSE
	EndGlobalSection
	GlobalSection(ExtensibilityGlobals) = postSolution
		SolutionGuid = {2A144947-D687-463A-870E-E4A66DC8F57D}
	EndGlobalSection
EndGlobal
